// !$*UTF8*$!
{
	archiveVersion = 1;
	classes = {
	};
	objectVersion = 46;
	objects = {

/* Begin PBXBuildFile section */
		1F4D014D1BDDC32800CEA4C9 /* main.m in Sources */ = {isa = PBXBuildFile; fileRef = 1F4D014C1BDDC32800CEA4C9 /* main.m */; };
		1F4D01501BDDC32800CEA4C9 /* AppDelegate.m in Sources */ = {isa = PBXBuildFile; fileRef = 1F4D014F1BDDC32800CEA4C9 /* AppDelegate.m */; };
		1F4D01531BDDC32800CEA4C9 /* ViewController.m in Sources */ = {isa = PBXBuildFile; fileRef = 1F4D01521BDDC32800CEA4C9 /* ViewController.m */; };
		1F4D01561BDDC32800CEA4C9 /* Main.storyboard in Resources */ = {isa = PBXBuildFile; fileRef = 1F4D01541BDDC32800CEA4C9 /* Main.storyboard */; };
		1F4D01581BDDC32800CEA4C9 /* Assets.xcassets in Resources */ = {isa = PBXBuildFile; fileRef = 1F4D01571BDDC32800CEA4C9 /* Assets.xcassets */; };
		1F4D015B1BDDC32800CEA4C9 /* LaunchScreen.storyboard in Resources */ = {isa = PBXBuildFile; fileRef = 1F4D01591BDDC32800CEA4C9 /* LaunchScreen.storyboard */; };
		1F4D01661BDDC32800CEA4C9 /* ADo_LoadingTests.m in Sources */ = {isa = PBXBuildFile; fileRef = 1F4D01651BDDC32800CEA4C9 /* ADo_LoadingTests.m */; };
		1F4D01711BDDC32800CEA4C9 /* ADo_LoadingUITests.m in Sources */ = {isa = PBXBuildFile; fileRef = 1F4D01701BDDC32800CEA4C9 /* ADo_LoadingUITests.m */; };
		1F4D01801BDDC34A00CEA4C9 /* ADo_LoadingLayer.m in Sources */ = {isa = PBXBuildFile; fileRef = 1F4D017F1BDDC34A00CEA4C9 /* ADo_LoadingLayer.m */; };
		1F4D01831BDDF5A000CEA4C9 /* ADo_Loading.m in Sources */ = {isa = PBXBuildFile; fileRef = 1F4D01821BDDF5A000CEA4C9 /* ADo_Loading.m */; };
/* End PBXBuildFile section */

/* Begin PBXContainerItemProxy section */
		1F4D01621BDDC32800CEA4C9 /* PBXContainerItemProxy */ = {
			isa = PBXContainerItemProxy;
			containerPortal = 1F4D01401BDDC32800CEA4C9 /* Project object */;
			proxyType = 1;
			remoteGlobalIDString = 1F4D01471BDDC32800CEA4C9;
			remoteInfo = ADo_Loading;
		};
		1F4D016D1BDDC32800CEA4C9 /* PBXContainerItemProxy */ = {
			isa = PBXContainerItemProxy;
			containerPortal = 1F4D01401BDDC32800CEA4C9 /* Project object */;
			proxyType = 1;
			remoteGlobalIDString = 1F4D01471BDDC32800CEA4C9;
			remoteInfo = ADo_Loading;
		};
/* End PBXContainerItemProxy section */

/* Begin PBXFileReference section */
		1F4D01481BDDC32800CEA4C9 /* ADo_Loading.app */ = {isa = PBXFileReference; explicitFileType = wrapper.application; includeInIndex = 0; path = ADo_Loading.app; sourceTree = BUILT_PRODUCTS_DIR; };
		1F4D014C1BDDC32800CEA4C9 /* main.m */ = {isa = PBXFileReference; lastKnownFileType = sourcecode.c.objc; path = main.m; sourceTree = "<group>"; };
		1F4D014E1BDDC32800CEA4C9 /* AppDelegate.h */ = {isa = PBXFileReference; lastKnownFileType = sourcecode.c.h; path = AppDelegate.h; sourceTree = "<group>"; };
		1F4D014F1BDDC32800CEA4C9 /* AppDelegate.m */ = {isa = PBXFileReference; lastKnownFileType = sourcecode.c.objc; path = AppDelegate.m; sourceTree = "<group>"; };
		1F4D01511BDDC32800CEA4C9 /* ViewController.h */ = {isa = PBXFileReference; lastKnownFileType = sourcecode.c.h; path = ViewController.h; sourceTree = "<group>"; };
		1F4D01521BDDC32800CEA4C9 /* ViewController.m */ = {isa = PBXFileReference; lastKnownFileType = sourcecode.c.objc; path = ViewController.m; sourceTree = "<group>"; };
		1F4D01551BDDC32800CEA4C9 /* Base */ = {isa = PBXFileReference; lastKnownFileType = file.storyboard; name = Base; path = Base.lproj/Main.storyboard; sourceTree = "<group>"; };
		1F4D01571BDDC32800CEA4C9 /* Assets.xcassets */ = {isa = PBXFileReference; lastKnownFileType = folder.assetcatalog; path = Assets.xcassets; sourceTree = "<group>"; };
		1F4D015A1BDDC32800CEA4C9 /* Base */ = {isa = PBXFileReference; lastKnownFileType = file.storyboard; name = Base; path = Base.lproj/LaunchScreen.storyboard; sourceTree = "<group>"; };
		1F4D015C1BDDC32800CEA4C9 /* Info.plist */ = {isa = PBXFileReference; lastKnownFileType = text.plist.xml; path = Info.plist; sourceTree = "<group>"; };
		1F4D01611BDDC32800CEA4C9 /* ADo_LoadingTests.xctest */ = {isa = PBXFileReference; explicitFileType = wrapper.cfbundle; includeInIndex = 0; path = ADo_LoadingTests.xctest; sourceTree = BUILT_PRODUCTS_DIR; };
		1F4D01651BDDC32800CEA4C9 /* ADo_LoadingTests.m */ = {isa = PBXFileReference; lastKnownFileType = sourcecode.c.objc; path = ADo_LoadingTests.m; sourceTree = "<group>"; };
		1F4D01671BDDC32800CEA4C9 /* Info.plist */ = {isa = PBXFileReference; lastKnownFileType = text.plist.xml; path = Info.plist; sourceTree = "<group>"; };
		1F4D016C1BDDC32800CEA4C9 /* ADo_LoadingUITests.xctest */ = {isa = PBXFileReference; explicitFileType = wrapper.cfbundle; includeInIndex = 0; path = ADo_LoadingUITests.xctest; sourceTree = BUILT_PRODUCTS_DIR; };
		1F4D01701BDDC32800CEA4C9 /* ADo_LoadingUITests.m */ = {isa = PBXFileReference; lastKnownFileType = sourcecode.c.objc; path = ADo_LoadingUITests.m; sourceTree = "<group>"; };
		1F4D01721BDDC32800CEA4C9 /* Info.plist */ = {isa = PBXFileReference; lastKnownFileType = text.plist.xml; path = Info.plist; sourceTree = "<group>"; };
		1F4D017E1BDDC34A00CEA4C9 /* ADo_LoadingLayer.h */ = {isa = PBXFileReference; fileEncoding = 4; lastKnownFileType = sourcecode.c.h; path = ADo_LoadingLayer.h; sourceTree = "<group>"; };
		1F4D017F1BDDC34A00CEA4C9 /* ADo_LoadingLayer.m */ = {isa = PBXFileReference; fileEncoding = 4; lastKnownFileType = sourcecode.c.objc; path = ADo_LoadingLayer.m; sourceTree = "<group>"; };
		1F4D01811BDDF5A000CEA4C9 /* ADo_Loading.h */ = {isa = PBXFileReference; fileEncoding = 4; lastKnownFileType = sourcecode.c.h; path = ADo_Loading.h; sourceTree = "<group>"; };
		1F4D01821BDDF5A000CEA4C9 /* ADo_Loading.m */ = {isa = PBXFileReference; fileEncoding = 4; lastKnownFileType = sourcecode.c.objc; path = ADo_Loading.m; sourceTree = "<group>"; };
/* End PBXFileReference section */

/* Begin PBXFrameworksBuildPhase section */
		1F4D01451BDDC32800CEA4C9 /* Frameworks */ = {
			isa = PBXFrameworksBuildPhase;
			buildActionMask = 2147483647;
			files = (
			);
			runOnlyForDeploymentPostprocessing = 0;
		};
		1F4D015E1BDDC32800CEA4C9 /* Frameworks */ = {
			isa = PBXFrameworksBuildPhase;
			buildActionMask = 2147483647;
			files = (
			);
			runOnlyForDeploymentPostprocessing = 0;
		};
		1F4D01691BDDC32800CEA4C9 /* Frameworks */ = {
			isa = PBXFrameworksBuildPhase;
			buildActionMask = 2147483647;
			files = (
			);
			runOnlyForDeploymentPostprocessing = 0;
		};
/* End PBXFrameworksBuildPhase section */

/* Begin PBXGroup section */
		1F4D013F1BDDC32800CEA4C9 = {
			isa = PBXGroup;
			children = (
				1F4D014A1BDDC32800CEA4C9 /* ADo_Loading */,
				1F4D01641BDDC32800CEA4C9 /* ADo_LoadingTests */,
				1F4D016F1BDDC32800CEA4C9 /* ADo_LoadingUITests */,
				1F4D01491BDDC32800CEA4C9 /* Products */,
			);
			sourceTree = "<group>";
		};
		1F4D01491BDDC32800CEA4C9 /* Products */ = {
			isa = PBXGroup;
			children = (
				1F4D01481BDDC32800CEA4C9 /* ADo_Loading.app */,
				1F4D01611BDDC32800CEA4C9 /* ADo_LoadingTests.xctest */,
				1F4D016C1BDDC32800CEA4C9 /* ADo_LoadingUITests.xctest */,
			);
			name = Products;
			sourceTree = "<group>";
		};
		1F4D014A1BDDC32800CEA4C9 /* ADo_Loading */ = {
			isa = PBXGroup;
			children = (
				1F4D014E1BDDC32800CEA4C9 /* AppDelegate.h */,
				1F4D014F1BDDC32800CEA4C9 /* AppDelegate.m */,
				1F4D01511BDDC32800CEA4C9 /* ViewController.h */,
				1F4D01521BDDC32800CEA4C9 /* ViewController.m */,
				1F4D017E1BDDC34A00CEA4C9 /* ADo_LoadingLayer.h */,
				1F4D017F1BDDC34A00CEA4C9 /* ADo_LoadingLayer.m */,
				1F4D01811BDDF5A000CEA4C9 /* ADo_Loading.h */,
				1F4D01821BDDF5A000CEA4C9 /* ADo_Loading.m */,
				1F4D01541BDDC32800CEA4C9 /* Main.storyboard */,
				1F4D01571BDDC32800CEA4C9 /* Assets.xcassets */,
				1F4D01591BDDC32800CEA4C9 /* LaunchScreen.storyboard */,
				1F4D015C1BDDC32800CEA4C9 /* Info.plist */,
				1F4D014B1BDDC32800CEA4C9 /* Supporting Files */,
			);
			path = ADo_Loading;
			sourceTree = "<group>";
		};
		1F4D014B1BDDC32800CEA4C9 /* Supporting Files */ = {
			isa = PBXGroup;
			children = (
				1F4D014C1BDDC32800CEA4C9 /* main.m */,
			);
			name = "Supporting Files";
			sourceTree = "<group>";
		};
		1F4D01641BDDC32800CEA4C9 /* ADo_LoadingTests */ = {
			isa = PBXGroup;
			children = (
				1F4D01651BDDC32800CEA4C9 /* ADo_LoadingTests.m */,
				1F4D01671BDDC32800CEA4C9 /* Info.plist */,
			);
			path = ADo_LoadingTests;
			sourceTree = "<group>";
		};
		1F4D016F1BDDC32800CEA4C9 /* ADo_LoadingUITests */ = {
			isa = PBXGroup;
			children = (
				1F4D01701BDDC32800CEA4C9 /* ADo_LoadingUITests.m */,
				1F4D01721BDDC32800CEA4C9 /* Info.plist */,
			);
			path = ADo_LoadingUITests;
			sourceTree = "<group>";
		};
/* End PBXGroup section */

/* Begin PBXNativeTarget section */
		1F4D01471BDDC32800CEA4C9 /* ADo_Loading */ = {
			isa = PBXNativeTarget;
			buildConfigurationList = 1F4D01751BDDC32800CEA4C9 /* Build configuration list for PBXNativeTarget "ADo_Loading" */;
			buildPhases = (
				1F4D01441BDDC32800CEA4C9 /* Sources */,
				1F4D01451BDDC32800CEA4C9 /* Frameworks */,
				1F4D01461BDDC32800CEA4C9 /* Resources */,
			);
			buildRules = (
			);
			dependencies = (
			);
			name = ADo_Loading;
			productName = ADo_Loading;
			productReference = 1F4D01481BDDC32800CEA4C9 /* ADo_Loading.app */;
			productType = "com.apple.product-type.application";
		};
		1F4D01601BDDC32800CEA4C9 /* ADo_LoadingTests */ = {
			isa = PBXNativeTarget;
			buildConfigurationList = 1F4D01781BDDC32800CEA4C9 /* Build configuration list for PBXNativeTarget "ADo_LoadingTests" */;
			buildPhases = (
				1F4D015D1BDDC32800CEA4C9 /* Sources */,
				1F4D015E1BDDC32800CEA4C9 /* Frameworks */,
				1F4D015F1BDDC32800CEA4C9 /* Resources */,
			);
			buildRules = (
			);
			dependencies = (
				1F4D01631BDDC32800CEA4C9 /* PBXTargetDependency */,
			);
			name = ADo_LoadingTests;
			productName = ADo_LoadingTests;
			productReference = 1F4D01611BDDC32800CEA4C9 /* ADo_LoadingTests.xctest */;
			productType = "com.apple.product-type.bundle.unit-test";
		};
		1F4D016B1BDDC32800CEA4C9 /* ADo_LoadingUITests */ = {
			isa = PBXNativeTarget;
			buildConfigurationList = 1F4D017B1BDDC32800CEA4C9 /* Build configuration list for PBXNativeTarget "ADo_LoadingUITests" */;
			buildPhases = (
				1F4D01681BDDC32800CEA4C9 /* Sources */,
				1F4D01691BDDC32800CEA4C9 /* Frameworks */,
				1F4D016A1BDDC32800CEA4C9 /* Resources */,
			);
			buildRules = (
			);
			dependencies = (
				1F4D016E1BDDC32800CEA4C9 /* PBXTargetDependency */,
			);
			name = ADo_LoadingUITests;
			productName = ADo_LoadingUITests;
			productReference = 1F4D016C1BDDC32800CEA4C9 /* ADo_LoadingUITests.xctest */;
			productType = "com.apple.product-type.bundle.ui-testing";
		};
/* End PBXNativeTarget section */

/* Begin PBXProject section */
		1F4D01401BDDC32800CEA4C9 /* Project object */ = {
			isa = PBXProject;
			attributes = {
				LastUpgradeCheck = 0710;
				ORGANIZATIONNAME = "杜维欣";
				TargetAttributes = {
					1F4D01471BDDC32800CEA4C9 = {
						CreatedOnToolsVersion = 7.1;
					};
					1F4D01601BDDC32800CEA4C9 = {
						CreatedOnToolsVersion = 7.1;
						TestTargetID = 1F4D01471BDDC32800CEA4C9;
					};
					1F4D016B1BDDC32800CEA4C9 = {
						CreatedOnToolsVersion = 7.1;
						TestTargetID = 1F4D01471BDDC32800CEA4C9;
					};
				};
			};
			buildConfigurationList = 1F4D01431BDDC32800CEA4C9 /* Build configuration list for PBXProject "ADo_Loading" */;
			compatibilityVersion = "Xcode 3.2";
			developmentRegion = English;
			hasScannedForEncodings = 0;
			knownRegions = (
				en,
				Base,
			);
			mainGroup = 1F4D013F1BDDC32800CEA4C9;
			productRefGroup = 1F4D01491BDDC32800CEA4C9 /* Products */;
			projectDirPath = "";
			projectRoot = "";
			targets = (
				1F4D01471BDDC32800CEA4C9 /* ADo_Loading */,
				1F4D01601BDDC32800CEA4C9 /* ADo_LoadingTests */,
				1F4D016B1BDDC32800CEA4C9 /* ADo_LoadingUITests */,
			);
		};
/* End PBXProject section */

/* Begin PBXResourcesBuildPhase section */
		1F4D01461BDDC32800CEA4C9 /* Resources */ = {
			isa = PBXResourcesBuildPhase;
			buildActionMask = 2147483647;
			files = (
				1F4D015B1BDDC32800CEA4C9 /* LaunchScreen.storyboard in Resources */,
				1F4D01581BDDC32800CEA4C9 /* Assets.xcassets in Resources */,
				1F4D01561BDDC32800CEA4C9 /* Main.storyboard in Resources */,
			);
			runOnlyForDeploymentPostprocessing = 0;
		};
		1F4D015F1BDDC32800CEA4C9 /* Resources */ = {
			isa = PBXResourcesBuildPhase;
			buildActionMask = 2147483647;
			files = (
			);
			runOnlyForDeploymentPostprocessing = 0;
		};
		1F4D016A1BDDC32800CEA4C9 /* Resources */ = {
			isa = PBXResourcesBuildPhase;
			buildActionMask = 2147483647;
			files = (
			);
			runOnlyForDeploymentPostprocessing = 0;
		};
/* End PBXResourcesBuildPhase section */

/* Begin PBXSourcesBuildPhase section */
		1F4D01441BDDC32800CEA4C9 /* Sources */ = {
			isa = PBXSourcesBuildPhase;
			buildActionMask = 2147483647;
			files = (
				1F4D01531BDDC32800CEA4C9 /* ViewController.m in Sources */,
				1F4D01801BDDC34A00CEA4C9 /* ADo_LoadingLayer.m in Sources */,
				1F4D01501BDDC32800CEA4C9 /* AppDelegate.m in Sources */,
				1F4D01831BDDF5A000CEA4C9 /* ADo_Loading.m in Sources */,
				1F4D014D1BDDC32800CEA4C9 /* main.m in Sources */,
			);
			runOnlyForDeploymentPostprocessing = 0;
		};
		1F4D015D1BDDC32800CEA4C9 /* Sources */ = {
			isa = PBXSourcesBuildPhase;
			buildActionMask = 2147483647;
			files = (
				1F4D01661BDDC32800CEA4C9 /* ADo_LoadingTests.m in Sources */,
			);
			runOnlyForDeploymentPostprocessing = 0;
		};
		1F4D01681BDDC32800CEA4C9 /* Sources */ = {
			isa = PBXSourcesBuildPhase;
			buildActionMask = 2147483647;
			files = (
				1F4D01711BDDC32800CEA4C9 /* ADo_LoadingUITests.m in Sources */,
			);
			runOnlyForDeploymentPostprocessing = 0;
		};
/* End PBXSourcesBuildPhase section */

/* Begin PBXTargetDependency section */
		1F4D01631BDDC32800CEA4C9 /* PBXTargetDependency */ = {
			isa = PBXTargetDependency;
			target = 1F4D01471BDDC32800CEA4C9 /* ADo_Loading */;
			targetProxy = 1F4D01621BDDC32800CEA4C9 /* PBXContainerItemProxy */;
		};
		1F4D016E1BDDC32800CEA4C9 /* PBXTargetDependency */ = {
			isa = PBXTargetDependency;
			target = 1F4D01471BDDC32800CEA4C9 /* ADo_Loading */;
			targetProxy = 1F4D016D1BDDC32800CEA4C9 /* PBXContainerItemProxy */;
		};
/* End PBXTargetDependency section */

/* Begin PBXVariantGroup section */
		1F4D01541BDDC32800CEA4C9 /* Main.storyboard */ = {
			isa = PBXVariantGroup;
			children = (
				1F4D01551BDDC32800CEA4C9 /* Base */,
			);
			name = Main.storyboard;
			sourceTree = "<group>";
		};
		1F4D01591BDDC32800CEA4C9 /* LaunchScreen.storyboard */ = {
			isa = PBXVariantGroup;
			children = (
				1F4D015A1BDDC32800CEA4C9 /* Base */,
			);
			name = LaunchScreen.storyboard;
			sourceTree = "<group>";
		};
/* End PBXVariantGroup section */

/* Begin XCBuildConfiguration section */
		1F4D01731BDDC32800CEA4C9 /* Debug */ = {
			isa = XCBuildConfiguration;
			buildSettings = {
				ALWAYS_SEARCH_USER_PATHS = NO;
				CLANG_CXX_LANGUAGE_STANDARD = "gnu++0x";
				CLANG_CXX_LIBRARY = "libc++";
				CLANG_ENABLE_MODULES = YES;
				CLANG_ENABLE_OBJC_ARC = YES;
				CLANG_WARN_BOOL_CONVERSION = YES;
				CLANG_WARN_CONSTANT_CONVERSION = YES;
				CLANG_WARN_DIRECT_OBJC_ISA_USAGE = YES_ERROR;
				CLANG_WARN_EMPTY_BODY = YES;
				CLANG_WARN_ENUM_CONVERSION = YES;
				CLANG_WARN_INT_CONVERSION = YES;
				CLANG_WARN_OBJC_ROOT_CLASS = YES_ERROR;
				CLANG_WARN_UNREACHABLE_CODE = YES;
				CLANG_WARN__DUPLICATE_METHOD_MATCH = YES;
				"CODE_SIGN_IDENTITY[sdk=iphoneos*]" = "iPhone Developer";
				COPY_PHASE_STRIP = NO;
				DEBUG_INFORMATION_FORMAT = dwarf;
				ENABLE_STRICT_OBJC_MSGSEND = YES;
				ENABLE_TESTABILITY = YES;
				GCC_C_LANGUAGE_STANDARD = gnu99;
				GCC_DYNAMIC_NO_PIC = NO;
				GCC_NO_COMMON_BLOCKS = YES;
				GCC_OPTIMIZATION_LEVEL = 0;
				GCC_PREPROCESSOR_DEFINITIONS = (
					"DEBUG=1",
					"$(inherited)",
				);
				GCC_WARN_64_TO_32_BIT_CONVERSION = YES;
				GCC_WARN_ABOUT_RETURN_TYPE = YES_ERROR;
				GCC_WARN_UNDECLARED_SELECTOR = YES;
				GCC_WARN_UNINITIALIZED_AUTOS = YES_AGGRESSIVE;
				GCC_WARN_UNUSED_FUNCTION = YES;
				GCC_WARN_UNUSED_VARIABLE = YES;
				IPHONEOS_DEPLOYMENT_TARGET = 9.1;
				MTL_ENABLE_DEBUG_INFO = YES;
				ONLY_ACTIVE_ARCH = YES;
				SDKROOT = iphoneos;
				TARGETED_DEVICE_FAMILY = "1,2";
			};
			name = Debug;
		};
		1F4D01741BDDC32800CEA4C9 /* Release */ = {
			isa = XCBuildConfiguration;
			buildSettings = {
				ALWAYS_SEARCH_USER_PATHS = NO;
				CLANG_CXX_LANGUAGE_STANDARD = "gnu++0x";
				CLANG_CXX_LIBRARY = "libc++";
				CLANG_ENABLE_MODULES = YES;
				CLANG_ENABLE_OBJC_ARC = YES;
				CLANG_WARN_BOOL_CONVERSION = YES;
				CLANG_WARN_CONSTANT_CONVERSION = YES;
				CLANG_WARN_DIRECT_OBJC_ISA_USAGE = YES_ERROR;
				CLANG_WARN_EMPTY_BODY = YES;
				CLANG_WARN_ENUM_CONVERSION = YES;
				CLANG_WARN_INT_CONVERSION = YES;
				CLANG_WARN_OBJC_ROOT_CLASS = YES_ERROR;
				CLANG_WARN_UNREACHABLE_CODE = YES;
				CLANG_WARN__DUPLICATE_METHOD_MATCH = YES;
				"CODE_SIGN_IDENTITY[sdk=iphoneos*]" = "iPhone Developer";
				COPY_PHASE_STRIP = NO;
				DEBUG_INFORMATION_FORMAT = "dwarf-with-dsym";
				ENABLE_NS_ASSERTIONS = NO;
				ENABLE_STRICT_OBJC_MSGSEND = YES;
				GCC_C_LANGUAGE_STANDARD = gnu99;
				GCC_NO_COMMON_BLOCKS = YES;
				GCC_WARN_64_TO_32_BIT_CONVERSION = YES;
				GCC_WARN_ABOUT_RETURN_TYPE = YES_ERROR;
				GCC_WARN_UNDECLARED_SELECTOR = YES;
				GCC_WARN_UNINITIALIZED_AUTOS = YES_AGGRESSIVE;
				GCC_WARN_UNUSED_FUNCTION = YES;
				GCC_WARN_UNUSED_VARIABLE = YES;
				IPHONEOS_DEPLOYMENT_TARGET = 9.1;
				MTL_ENABLE_DEBUG_INFO = NO;
				SDKROOT = iphoneos;
				TARGETED_DEVICE_FAMILY = "1,2";
				VALIDATE_PRODUCT = YES;
			};
			name = Release;
		};
		1F4D01761BDDC32800CEA4C9 /* Debug */ = {
			isa = XCBuildConfiguration;
			buildSettings = {
				ASSETCATALOG_COMPILER_APPICON_NAME = AppIcon;
				INFOPLIST_FILE = ADo_Loading/Info.plist;
				LD_RUNPATH_SEARCH_PATHS = "$(inherited) @executable_path/Frameworks";
				PRODUCT_BUNDLE_IDENTIFIER = "com.JZG.www.ADo-Loading";
				PRODUCT_NAME = "$(TARGET_NAME)";
			};
			name = Debug;
		};
		1F4D01771BDDC32800CEA4C9 /* Release */ = {
			isa = XCBuildConfiguration;
			buildSettings = {
				ASSETCATALOG_COMPILER_APPICON_NAME = AppIcon;
				INFOPLIST_FILE = ADo_Loading/Info.plist;
				LD_RUNPATH_SEARCH_PATHS = "$(inherited) @executable_path/Frameworks";
				PRODUCT_BUNDLE_IDENTIFIER = "com.JZG.www.ADo-Loading";
				PRODUCT_NAME = "$(TARGET_NAME)";
			};
			name = Release;
		};
		1F4D01791BDDC32800CEA4C9 /* Debug */ = {
			isa = XCBuildConfiguration;
			buildSettings = {
				BUNDLE_LOADER = "$(TEST_HOST)";
				INFOPLIST_FILE = ADo_LoadingTests/Info.plist;
				LD_RUNPATH_SEARCH_PATHS = "$(inherited) @executable_path/Frameworks @loader_path/Frameworks";
				PRODUCT_BUNDLE_IDENTIFIER = "com.JZG.www.ADo-LoadingTests";
				PRODUCT_NAME = "$(TARGET_NAME)";
				TEST_HOST = "$(BUILT_PRODUCTS_DIR)/ADo_Loading.app/ADo_Loading";
			};
			name = Debug;
		};
		1F4D017A1BDDC32800CEA4C9 /* Release */ = {
			isa = XCBuildConfiguration;
			buildSettings = {
				BUNDLE_LOADER = "$(TEST_HOST)";
				INFOPLIST_FILE = ADo_LoadingTests/Info.plist;
				LD_RUNPATH_SEARCH_PATHS = "$(inherited) @executable_path/Frameworks @loader_path/Frameworks";
				PRODUCT_BUNDLE_IDENTIFIER = "com.JZG.www.ADo-LoadingTests";
				PRODUCT_NAME = "$(TARGET_NAME)";
				TEST_HOST = "$(BUILT_PRODUCTS_DIR)/ADo_Loading.app/ADo_Loading";
			};
			name = Release;
		};
		1F4D017C1BDDC32800CEA4C9 /* Debug */ = {
			isa = XCBuildConfiguration;
			buildSettings = {
				INFOPLIST_FILE = ADo_LoadingUITests/Info.plist;
				LD_RUNPATH_SEARCH_PATHS = "$(inherited) @executable_path/Frameworks @loader_path/Frameworks";
				PRODUCT_BUNDLE_IDENTIFIER = "com.JZG.www.ADo-LoadingUITests";
				PRODUCT_NAME = "$(TARGET_NAME)";
				TEST_TARGET_NAME = ADo_Loading;
				USES_XCTRUNNER = YES;
			};
			name = Debug;
		};
		1F4D017D1BDDC32800CEA4C9 /* Release */ = {
			isa = XCBuildConfiguration;
			buildSettings = {
				INFOPLIST_FILE = ADo_LoadingUITests/Info.plist;
				LD_RUNPATH_SEARCH_PATHS = "$(inherited) @executable_path/Frameworks @loader_path/Frameworks";
				PRODUCT_BUNDLE_IDENTIFIER = "com.JZG.www.ADo-LoadingUITests";
				PRODUCT_NAME = "$(TARGET_NAME)";
				TEST_TARGET_NAME = ADo_Loading;
				USES_XCTRUNNER = YES;
			};
			name = Release;
		};
/* End XCBuildConfiguration section */

/* Begin XCConfigurationList section */
		1F4D01431BDDC32800CEA4C9 /* Build configuration list for PBXProject "ADo_Loading" */ = {
			isa = XCConfigurationList;
			buildConfigurations = (
				1F4D01731BDDC32800CEA4C9 /* Debug */,
				1F4D01741BDDC32800CEA4C9 /* Release */,
			);
			defaultConfigurationIsVisible = 0;
			defaultConfigurationName = Release;
		};
		1F4D01751BDDC32800CEA4C9 /* Build configuration list for PBXNativeTarget "ADo_Loading" */ = {
			isa = XCConfigurationList;
			buildConfigurations = (
				1F4D01761BDDC32800CEA4C9 /* Debug */,
				1F4D01771BDDC32800CEA4C9 /* Release */,
			);
			defaultConfigurationIsVisible = 0;
			defaultConfigurationName = Release;
		};
		1F4D01781BDDC32800CEA4C9 /* Build configuration list for PBXNativeTarget "ADo_LoadingTests" */ = {
			isa = XCConfigurationList;
			buildConfigurations = (
				1F4D01791BDDC32800CEA4C9 /* Debug */,
				1F4D017A1BDDC32800CEA4C9 /* Release */,
			);
			defaultConfigurationIsVisible = 0;
			defaultConfigurationName = Release;
		};
		1F4D017B1BDDC32800CEA4C9 /* Build configuration list for PBXNativeTarget "ADo_LoadingUITests" */ = {
			isa = XCConfigurationList;
			buildConfigurations = (
				1F4D017C1BDDC32800CEA4C9 /* Debug */,
				1F4D017D1BDDC32800CEA4C9 /* Release */,
			);
			defaultConfigurationIsVisible = 0;
			defaultConfigurationName = Release;
		};
/* End XCConfigurationList section */
	};
	rootObject = 1F4D01401BDDC32800CEA4C9 /* Project object */;
}
